{
  "name": "format-email",
  "version": "0.0.0",
  "lockfileVersion": 1,
  "requires": true,
  "dependencies": {
    "base64-js": {
      "version": "1.3.0",
      "resolved": "https://registry.npmjs.org/base64-js/-/base64-js-1.3.0.tgz",
      "integrity": "sha512-ccav/yGvoa80BQDljCxsmmQ3Xvx60/UpBIij5QN21W3wBi/hhIC9OoO+KLpu9IJTS9j4DRVJ3aDDF9cMSoa2lw=="
    },
    "encode-utf8": {
      "version": "1.0.2",
      "resolved": "https://registry.npmjs.org/encode-utf8/-/encode-utf8-1.0.2.tgz",
      "integrity": "sha512-uZHa/WomOJYUuRznENTRZZI7DCpwC6rdKIXPYJU79Oeo5+QN24bL0uisuTm1TeWtmncS7J5or2Z0c/3k29yz3A=="
    },
    "is-ascii": {
      "version": "1.0.0",
      "resolved": "https://registry.npmjs.org/is-ascii/-/is-ascii-1.0.0.tgz",
      "integrity": "sha1-8CrQJZoJIc0Zn/Ic4bCeD2tOOSk="
    }
  }
}
